
Microsoft Visual Studio Solution File, Format Version 12.00
# Visual Studio 14
VisualStudioVersion = 14.0.25123.0
MinimumVisualStudioVersion = 10.0.40219.1
Project("{8BC9CEB8-8B4A-11D0-8D11-00A0C91BC942}") = "CppModule.Shared", "CppModule.Shared\CppModule.Shared.vcxitems", "{7298CC2E-9B92-4540-849A-F4A1103350B1}"
EndProject
Project("{8BC9CEB8-8B4A-11D0-8D11-00A0C91BC942}") = "CppModule.Android", "CppModule.Android\CppModule.Android.vcxproj", "{01BB705D-19D1-45E9-87A2-1D7C38B9FD11}"
	ProjectSection(ProjectDependencies) = postProject
		{306662C2-241A-4F8C-A95B-BB514D557E54} = {306662C2-241A-4F8C-A95B-BB514D557E54}
	EndProjectSection
EndProject
Project("{8BC9CEB8-8B4A-11D0-8D11-00A0C91BC942}") = "CppModule.iOS", "CppModule.iOS\CppModule.iOS.vcxproj", "{306662C2-241A-4F8C-A95B-BB514D557E54}"
EndProject
Project("{FAE04EC0-301F-11D3-BF4B-00C04F79EFBC}") = "XamApp.Droid", "XamApp.Droid\XamApp.Droid.csproj", "{22D5E147-4EAD-4F4D-8C88-95A79038B687}"
EndProject
Project("{FAE04EC0-301F-11D3-BF4B-00C04F79EFBC}") = "XamApp.iOS", "XamApp.iOS\XamApp.iOS.csproj", "{A3C742AE-5BA5-46A2-A706-08F8C9299A48}"
	ProjectSection(ProjectDependencies) = postProject
		{306662C2-241A-4F8C-A95B-BB514D557E54} = {306662C2-241A-4F8C-A95B-BB514D557E54}
	EndProjectSection
EndProject
Project("{D954291E-2A0B-460D-934E-DC6B0785DB48}") = "XamApp", "XamApp\XamApp.shproj", "{74FD702A-52C6-4F3C-ACCD-CE53F0021FD8}"
EndProject
Global
	GlobalSection(SharedMSBuildProjectFiles) = preSolution
		CppModule.Shared\CppModule.Shared.vcxitems*{306662c2-241a-4f8c-a95b-bb514d557e54}*SharedItemsImports = 4
		XamApp\XamApp.projitems*{74fd702a-52c6-4f3c-accd-ce53f0021fd8}*SharedItemsImports = 13
		XamApp\XamApp.projitems*{a3c742ae-5ba5-46a2-a706-08f8c9299a48}*SharedItemsImports = 4
		XamApp\XamApp.projitems*{22d5e147-4ead-4f4d-8c88-95a79038b687}*SharedItemsImports = 4
		CppModule.Shared\CppModule.Shared.vcxitems*{01bb705d-19d1-45e9-87a2-1d7c38b9fd11}*SharedItemsImports = 4
		CppModule.Shared\CppModule.Shared.vcxitems*{7298cc2e-9b92-4540-849a-f4a1103350b1}*SharedItemsImports = 9
	EndGlobalSection
	GlobalSection(SolutionConfigurationPlatforms) = preSolution
		Ad-Hoc|Any CPU = Ad-Hoc|Any CPU
		Ad-Hoc|ARM = Ad-Hoc|ARM
		Ad-Hoc|ARM64 = Ad-Hoc|ARM64
		Ad-Hoc|iPhone = Ad-Hoc|iPhone
		Ad-Hoc|iPhoneSimulator = Ad-Hoc|iPhoneSimulator
		Ad-Hoc|x64 = Ad-Hoc|x64
		Ad-Hoc|x86 = Ad-Hoc|x86
		AppStore|Any CPU = AppStore|Any CPU
		AppStore|ARM = AppStore|ARM
		AppStore|ARM64 = AppStore|ARM64
		AppStore|iPhone = AppStore|iPhone
		AppStore|iPhoneSimulator = AppStore|iPhoneSimulator
		AppStore|x64 = AppStore|x64
		AppStore|x86 = AppStore|x86
		Debug|Any CPU = Debug|Any CPU
		Debug|ARM = Debug|ARM
		Debug|ARM64 = Debug|ARM64
		Debug|iPhone = Debug|iPhone
		Debug|iPhoneSimulator = Debug|iPhoneSimulator
		Debug|x64 = Debug|x64
		Debug|x86 = Debug|x86
		Release|Any CPU = Release|Any CPU
		Release|ARM = Release|ARM
		Release|ARM64 = Release|ARM64
		Release|iPhone = Release|iPhone
		Release|iPhoneSimulator = Release|iPhoneSimulator
		Release|x64 = Release|x64
		Release|x86 = Release|x86
	EndGlobalSection
	GlobalSection(ProjectConfigurationPlatforms) = postSolution
		{01BB705D-19D1-45E9-87A2-1D7C38B9FD11}.Ad-Hoc|Any CPU.ActiveCfg = Release|x86
		{01BB705D-19D1-45E9-87A2-1D7C38B9FD11}.Ad-Hoc|Any CPU.Build.0 = Release|x86
		{01BB705D-19D1-45E9-87A2-1D7C38B9FD11}.Ad-Hoc|ARM.ActiveCfg = Release|ARM
		{01BB705D-19D1-45E9-87A2-1D7C38B9FD11}.Ad-Hoc|ARM.Build.0 = Release|ARM
		{01BB705D-19D1-45E9-87A2-1D7C38B9FD11}.Ad-Hoc|ARM64.ActiveCfg = Release|ARM64
		{01BB705D-19D1-45E9-87A2-1D7C38B9FD11}.Ad-Hoc|ARM64.Build.0 = Release|ARM64
		{01BB705D-19D1-45E9-87A2-1D7C38B9FD11}.Ad-Hoc|iPhone.ActiveCfg = Release|x86
		{01BB705D-19D1-45E9-87A2-1D7C38B9FD11}.Ad-Hoc|iPhoneSimulator.ActiveCfg = Release|x86
		{01BB705D-19D1-45E9-87A2-1D7C38B9FD11}.Ad-Hoc|x64.ActiveCfg = Release|x64
		{01BB705D-19D1-45E9-87A2-1D7C38B9FD11}.Ad-Hoc|x64.Build.0 = Release|x64
		{01BB705D-19D1-45E9-87A2-1D7C38B9FD11}.Ad-Hoc|x86.ActiveCfg = Release|x86
		{01BB705D-19D1-45E9-87A2-1D7C38B9FD11}.Ad-Hoc|x86.Build.0 = Release|x86
		{01BB705D-19D1-45E9-87A2-1D7C38B9FD11}.AppStore|Any CPU.ActiveCfg = Release|x86
		{01BB705D-19D1-45E9-87A2-1D7C38B9FD11}.AppStore|Any CPU.Build.0 = Release|x86
		{01BB705D-19D1-45E9-87A2-1D7C38B9FD11}.AppStore|ARM.ActiveCfg = Release|ARM
		{01BB705D-19D1-45E9-87A2-1D7C38B9FD11}.AppStore|ARM.Build.0 = Release|ARM
		{01BB705D-19D1-45E9-87A2-1D7C38B9FD11}.AppStore|ARM64.ActiveCfg = Release|ARM64
		{01BB705D-19D1-45E9-87A2-1D7C38B9FD11}.AppStore|ARM64.Build.0 = Release|ARM64
		{01BB705D-19D1-45E9-87A2-1D7C38B9FD11}.AppStore|iPhone.ActiveCfg = Release|x86
		{01BB705D-19D1-45E9-87A2-1D7C38B9FD11}.AppStore|iPhoneSimulator.ActiveCfg = Release|x86
		{01BB705D-19D1-45E9-87A2-1D7C38B9FD11}.AppStore|x64.ActiveCfg = Release|x64
		{01BB705D-19D1-45E9-87A2-1D7C38B9FD11}.AppStore|x64.Build.0 = Release|x64
		{01BB705D-19D1-45E9-87A2-1D7C38B9FD11}.AppStore|x86.ActiveCfg = Release|x86
		{01BB705D-19D1-45E9-87A2-1D7C38B9FD11}.AppStore|x86.Build.0 = Release|x86
		{01BB705D-19D1-45E9-87A2-1D7C38B9FD11}.Debug|Any CPU.ActiveCfg = Debug|x86
		{01BB705D-19D1-45E9-87A2-1D7C38B9FD11}.Debug|ARM.ActiveCfg = Debug|ARM
		{01BB705D-19D1-45E9-87A2-1D7C38B9FD11}.Debug|ARM.Build.0 = Debug|ARM
		{01BB705D-19D1-45E9-87A2-1D7C38B9FD11}.Debug|ARM64.ActiveCfg = Debug|ARM64
		{01BB705D-19D1-45E9-87A2-1D7C38B9FD11}.Debug|ARM64.Build.0 = Debug|ARM64
		{01BB705D-19D1-45E9-87A2-1D7C38B9FD11}.Debug|iPhone.ActiveCfg = Debug|x86
		{01BB705D-19D1-45E9-87A2-1D7C38B9FD11}.Debug|iPhoneSimulator.ActiveCfg = Debug|x86
		{01BB705D-19D1-45E9-87A2-1D7C38B9FD11}.Debug|x64.ActiveCfg = Debug|x64
		{01BB705D-19D1-45E9-87A2-1D7C38B9FD11}.Debug|x64.Build.0 = Debug|x64
		{01BB705D-19D1-45E9-87A2-1D7C38B9FD11}.Debug|x86.ActiveCfg = Debug|x86
		{01BB705D-19D1-45E9-87A2-1D7C38B9FD11}.Debug|x86.Build.0 = Debug|x86
		{01BB705D-19D1-45E9-87A2-1D7C38B9FD11}.Release|Any CPU.ActiveCfg = Release|x86
		{01BB705D-19D1-45E9-87A2-1D7C38B9FD11}.Release|ARM.ActiveCfg = Release|ARM
		{01BB705D-19D1-45E9-87A2-1D7C38B9FD11}.Release|ARM.Build.0 = Release|ARM
		{01BB705D-19D1-45E9-87A2-1D7C38B9FD11}.Release|ARM64.ActiveCfg = Release|ARM64
		{01BB705D-19D1-45E9-87A2-1D7C38B9FD11}.Release|ARM64.Build.0 = Release|ARM64
		{01BB705D-19D1-45E9-87A2-1D7C38B9FD11}.Release|iPhone.ActiveCfg = Release|x86
		{01BB705D-19D1-45E9-87A2-1D7C38B9FD11}.Release|iPhoneSimulator.ActiveCfg = Release|x86
		{01BB705D-19D1-45E9-87A2-1D7C38B9FD11}.Release|x64.ActiveCfg = Release|x64
		{01BB705D-19D1-45E9-87A2-1D7C38B9FD11}.Release|x64.Build.0 = Release|x64
		{01BB705D-19D1-45E9-87A2-1D7C38B9FD11}.Release|x86.ActiveCfg = Release|x86
		{01BB705D-19D1-45E9-87A2-1D7C38B9FD11}.Release|x86.Build.0 = Release|x86
		{306662C2-241A-4F8C-A95B-BB514D557E54}.Ad-Hoc|Any CPU.ActiveCfg = Release|x86
		{306662C2-241A-4F8C-A95B-BB514D557E54}.Ad-Hoc|Any CPU.Build.0 = Release|x86
		{306662C2-241A-4F8C-A95B-BB514D557E54}.Ad-Hoc|ARM.ActiveCfg = Release|ARM
		{306662C2-241A-4F8C-A95B-BB514D557E54}.Ad-Hoc|ARM.Build.0 = Release|ARM
		{306662C2-241A-4F8C-A95B-BB514D557E54}.Ad-Hoc|ARM64.ActiveCfg = Release|ARM64
		{306662C2-241A-4F8C-A95B-BB514D557E54}.Ad-Hoc|ARM64.Build.0 = Release|ARM64
		{306662C2-241A-4F8C-A95B-BB514D557E54}.Ad-Hoc|iPhone.ActiveCfg = Release|ARM
		{306662C2-241A-4F8C-A95B-BB514D557E54}.Ad-Hoc|iPhone.Build.0 = Release|ARM
		{306662C2-241A-4F8C-A95B-BB514D557E54}.Ad-Hoc|iPhoneSimulator.ActiveCfg = Release|x86
		{306662C2-241A-4F8C-A95B-BB514D557E54}.Ad-Hoc|iPhoneSimulator.Build.0 = Release|x86
		{306662C2-241A-4F8C-A95B-BB514D557E54}.Ad-Hoc|x64.ActiveCfg = Release|x64
		{306662C2-241A-4F8C-A95B-BB514D557E54}.Ad-Hoc|x64.Build.0 = Release|x64
		{306662C2-241A-4F8C-A95B-BB514D557E54}.Ad-Hoc|x86.ActiveCfg = Release|x86
		{306662C2-241A-4F8C-A95B-BB514D557E54}.Ad-Hoc|x86.Build.0 = Release|x86
		{306662C2-241A-4F8C-A95B-BB514D557E54}.AppStore|Any CPU.ActiveCfg = Release|x86
		{306662C2-241A-4F8C-A95B-BB514D557E54}.AppStore|Any CPU.Build.0 = Release|x86
		{306662C2-241A-4F8C-A95B-BB514D557E54}.AppStore|ARM.ActiveCfg = Release|ARM
		{306662C2-241A-4F8C-A95B-BB514D557E54}.AppStore|ARM.Build.0 = Release|ARM
		{306662C2-241A-4F8C-A95B-BB514D557E54}.AppStore|ARM64.ActiveCfg = Release|ARM64
		{306662C2-241A-4F8C-A95B-BB514D557E54}.AppStore|ARM64.Build.0 = Release|ARM64
		{306662C2-241A-4F8C-A95B-BB514D557E54}.AppStore|iPhone.ActiveCfg = Release|ARM
		{306662C2-241A-4F8C-A95B-BB514D557E54}.AppStore|iPhone.Build.0 = Release|ARM
		{306662C2-241A-4F8C-A95B-BB514D557E54}.AppStore|iPhoneSimulator.ActiveCfg = Release|x86
		{306662C2-241A-4F8C-A95B-BB514D557E54}.AppStore|iPhoneSimulator.Build.0 = Release|x86
		{306662C2-241A-4F8C-A95B-BB514D557E54}.AppStore|x64.ActiveCfg = Release|x64
		{306662C2-241A-4F8C-A95B-BB514D557E54}.AppStore|x64.Build.0 = Release|x64
		{306662C2-241A-4F8C-A95B-BB514D557E54}.AppStore|x86.ActiveCfg = Release|x86
		{306662C2-241A-4F8C-A95B-BB514D557E54}.AppStore|x86.Build.0 = Release|x86
		{306662C2-241A-4F8C-A95B-BB514D557E54}.Debug|Any CPU.ActiveCfg = Debug|x86
		{306662C2-241A-4F8C-A95B-BB514D557E54}.Debug|ARM.ActiveCfg = Debug|ARM
		{306662C2-241A-4F8C-A95B-BB514D557E54}.Debug|ARM.Build.0 = Debug|ARM
		{306662C2-241A-4F8C-A95B-BB514D557E54}.Debug|ARM64.ActiveCfg = Debug|ARM64
		{306662C2-241A-4F8C-A95B-BB514D557E54}.Debug|ARM64.Build.0 = Debug|ARM64
		{306662C2-241A-4F8C-A95B-BB514D557E54}.Debug|iPhone.ActiveCfg = Debug|ARM
		{306662C2-241A-4F8C-A95B-BB514D557E54}.Debug|iPhone.Build.0 = Debug|ARM
		{306662C2-241A-4F8C-A95B-BB514D557E54}.Debug|iPhoneSimulator.ActiveCfg = Debug|x86
		{306662C2-241A-4F8C-A95B-BB514D557E54}.Debug|iPhoneSimulator.Build.0 = Debug|x86
		{306662C2-241A-4F8C-A95B-BB514D557E54}.Debug|x64.ActiveCfg = Debug|x64
		{306662C2-241A-4F8C-A95B-BB514D557E54}.Debug|x64.Build.0 = Debug|x64
		{306662C2-241A-4F8C-A95B-BB514D557E54}.Debug|x86.ActiveCfg = Debug|x86
		{306662C2-241A-4F8C-A95B-BB514D557E54}.Debug|x86.Build.0 = Debug|x86
		{306662C2-241A-4F8C-A95B-BB514D557E54}.Release|Any CPU.ActiveCfg = Release|x86
		{306662C2-241A-4F8C-A95B-BB514D557E54}.Release|ARM.ActiveCfg = Release|ARM
		{306662C2-241A-4F8C-A95B-BB514D557E54}.Release|ARM.Build.0 = Release|ARM
		{306662C2-241A-4F8C-A95B-BB514D557E54}.Release|ARM64.ActiveCfg = Release|ARM64
		{306662C2-241A-4F8C-A95B-BB514D557E54}.Release|ARM64.Build.0 = Release|ARM64
		{306662C2-241A-4F8C-A95B-BB514D557E54}.Release|iPhone.ActiveCfg = Release|ARM
		{306662C2-241A-4F8C-A95B-BB514D557E54}.Release|iPhone.Build.0 = Release|ARM
		{306662C2-241A-4F8C-A95B-BB514D557E54}.Release|iPhoneSimulator.ActiveCfg = Release|x86
		{306662C2-241A-4F8C-A95B-BB514D557E54}.Release|iPhoneSimulator.Build.0 = Release|x86
		{306662C2-241A-4F8C-A95B-BB514D557E54}.Release|x64.ActiveCfg = Release|x64
		{306662C2-241A-4F8C-A95B-BB514D557E54}.Release|x64.Build.0 = Release|x64
		{306662C2-241A-4F8C-A95B-BB514D557E54}.Release|x86.ActiveCfg = Release|x86
		{306662C2-241A-4F8C-A95B-BB514D557E54}.Release|x86.Build.0 = Release|x86
		{22D5E147-4EAD-4F4D-8C88-95A79038B687}.Ad-Hoc|Any CPU.ActiveCfg = Release|Any CPU
		{22D5E147-4EAD-4F4D-8C88-95A79038B687}.Ad-Hoc|Any CPU.Build.0 = Release|Any CPU
		{22D5E147-4EAD-4F4D-8C88-95A79038B687}.Ad-Hoc|Any CPU.Deploy.0 = Release|Any CPU
		{22D5E147-4EAD-4F4D-8C88-95A79038B687}.Ad-Hoc|ARM.ActiveCfg = Release|Any CPU
		{22D5E147-4EAD-4F4D-8C88-95A79038B687}.Ad-Hoc|ARM.Build.0 = Release|Any CPU
		{22D5E147-4EAD-4F4D-8C88-95A79038B687}.Ad-Hoc|ARM.Deploy.0 = Release|Any CPU
		{22D5E147-4EAD-4F4D-8C88-95A79038B687}.Ad-Hoc|ARM64.ActiveCfg = Release|Any CPU
		{22D5E147-4EAD-4F4D-8C88-95A79038B687}.Ad-Hoc|ARM64.Build.0 = Release|Any CPU
		{22D5E147-4EAD-4F4D-8C88-95A79038B687}.Ad-Hoc|ARM64.Deploy.0 = Release|Any CPU
		{22D5E147-4EAD-4F4D-8C88-95A79038B687}.Ad-Hoc|iPhone.ActiveCfg = Release|Any CPU
		{22D5E147-4EAD-4F4D-8C88-95A79038B687}.Ad-Hoc|iPhoneSimulator.ActiveCfg = Release|Any CPU
		{22D5E147-4EAD-4F4D-8C88-95A79038B687}.Ad-Hoc|x64.ActiveCfg = Release|Any CPU
		{22D5E147-4EAD-4F4D-8C88-95A79038B687}.Ad-Hoc|x64.Build.0 = Release|Any CPU
		{22D5E147-4EAD-4F4D-8C88-95A79038B687}.Ad-Hoc|x64.Deploy.0 = Release|Any CPU
		{22D5E147-4EAD-4F4D-8C88-95A79038B687}.Ad-Hoc|x86.ActiveCfg = Release|Any CPU
		{22D5E147-4EAD-4F4D-8C88-95A79038B687}.Ad-Hoc|x86.Build.0 = Release|Any CPU
		{22D5E147-4EAD-4F4D-8C88-95A79038B687}.Ad-Hoc|x86.Deploy.0 = Release|Any CPU
		{22D5E147-4EAD-4F4D-8C88-95A79038B687}.AppStore|Any CPU.ActiveCfg = Release|Any CPU
		{22D5E147-4EAD-4F4D-8C88-95A79038B687}.AppStore|Any CPU.Build.0 = Release|Any CPU
		{22D5E147-4EAD-4F4D-8C88-95A79038B687}.AppStore|Any CPU.Deploy.0 = Release|Any CPU
		{22D5E147-4EAD-4F4D-8C88-95A79038B687}.AppStore|ARM.ActiveCfg = Release|Any CPU
		{22D5E147-4EAD-4F4D-8C88-95A79038B687}.AppStore|ARM.Build.0 = Release|Any CPU
		{22D5E147-4EAD-4F4D-8C88-95A79038B687}.AppStore|ARM.Deploy.0 = Release|Any CPU
		{22D5E147-4EAD-4F4D-8C88-95A79038B687}.AppStore|ARM64.ActiveCfg = Release|Any CPU
		{22D5E147-4EAD-4F4D-8C88-95A79038B687}.AppStore|ARM64.Build.0 = Release|Any CPU
		{22D5E147-4EAD-4F4D-8C88-95A79038B687}.AppStore|ARM64.Deploy.0 = Release|Any CPU
		{22D5E147-4EAD-4F4D-8C88-95A79038B687}.AppStore|iPhone.ActiveCfg = Release|Any CPU
		{22D5E147-4EAD-4F4D-8C88-95A79038B687}.AppStore|iPhoneSimulator.ActiveCfg = Release|Any CPU
		{22D5E147-4EAD-4F4D-8C88-95A79038B687}.AppStore|x64.ActiveCfg = Release|Any CPU
		{22D5E147-4EAD-4F4D-8C88-95A79038B687}.AppStore|x64.Build.0 = Release|Any CPU
		{22D5E147-4EAD-4F4D-8C88-95A79038B687}.AppStore|x64.Deploy.0 = Release|Any CPU
		{22D5E147-4EAD-4F4D-8C88-95A79038B687}.AppStore|x86.ActiveCfg = Release|Any CPU
		{22D5E147-4EAD-4F4D-8C88-95A79038B687}.AppStore|x86.Build.0 = Release|Any CPU
		{22D5E147-4EAD-4F4D-8C88-95A79038B687}.AppStore|x86.Deploy.0 = Release|Any CPU
		{22D5E147-4EAD-4F4D-8C88-95A79038B687}.Debug|Any CPU.ActiveCfg = Debug|Any CPU
		{22D5E147-4EAD-4F4D-8C88-95A79038B687}.Debug|Any CPU.Build.0 = Debug|Any CPU
		{22D5E147-4EAD-4F4D-8C88-95A79038B687}.Debug|Any CPU.Deploy.0 = Debug|Any CPU
		{22D5E147-4EAD-4F4D-8C88-95A79038B687}.Debug|ARM.ActiveCfg = Debug|Any CPU
		{22D5E147-4EAD-4F4D-8C88-95A79038B687}.Debug|ARM.Build.0 = Debug|Any CPU
		{22D5E147-4EAD-4F4D-8C88-95A79038B687}.Debug|ARM.Deploy.0 = Debug|Any CPU
		{22D5E147-4EAD-4F4D-8C88-95A79038B687}.Debug|ARM64.ActiveCfg = Debug|Any CPU
		{22D5E147-4EAD-4F4D-8C88-95A79038B687}.Debug|ARM64.Build.0 = Debug|Any CPU
		{22D5E147-4EAD-4F4D-8C88-95A79038B687}.Debug|ARM64.Deploy.0 = Debug|Any CPU
		{22D5E147-4EAD-4F4D-8C88-95A79038B687}.Debug|iPhone.ActiveCfg = Debug|Any CPU
		{22D5E147-4EAD-4F4D-8C88-95A79038B687}.Debug|iPhoneSimulator.ActiveCfg = Debug|Any CPU
		{22D5E147-4EAD-4F4D-8C88-95A79038B687}.Debug|x64.ActiveCfg = Debug|Any CPU
		{22D5E147-4EAD-4F4D-8C88-95A79038B687}.Debug|x64.Build.0 = Debug|Any CPU
		{22D5E147-4EAD-4F4D-8C88-95A79038B687}.Debug|x64.Deploy.0 = Debug|Any CPU
		{22D5E147-4EAD-4F4D-8C88-95A79038B687}.Debug|x86.ActiveCfg = Debug|Any CPU
		{22D5E147-4EAD-4F4D-8C88-95A79038B687}.Debug|x86.Build.0 = Debug|Any CPU
		{22D5E147-4EAD-4F4D-8C88-95A79038B687}.Debug|x86.Deploy.0 = Debug|Any CPU
		{22D5E147-4EAD-4F4D-8C88-95A79038B687}.Release|Any CPU.ActiveCfg = Release|Any CPU
		{22D5E147-4EAD-4F4D-8C88-95A79038B687}.Release|Any CPU.Build.0 = Release|Any CPU
		{22D5E147-4EAD-4F4D-8C88-95A79038B687}.Release|Any CPU.Deploy.0 = Release|Any CPU
		{22D5E147-4EAD-4F4D-8C88-95A79038B687}.Release|ARM.ActiveCfg = Release|Any CPU
		{22D5E147-4EAD-4F4D-8C88-95A79038B687}.Release|ARM.Build.0 = Release|Any CPU
		{22D5E147-4EAD-4F4D-8C88-95A79038B687}.Release|ARM.Deploy.0 = Release|Any CPU
		{22D5E147-4EAD-4F4D-8C88-95A79038B687}.Release|ARM64.ActiveCfg = Release|Any CPU
		{22D5E147-4EAD-4F4D-8C88-95A79038B687}.Release|ARM64.Build.0 = Release|Any CPU
		{22D5E147-4EAD-4F4D-8C88-95A79038B687}.Release|ARM64.Deploy.0 = Release|Any CPU
		{22D5E147-4EAD-4F4D-8C88-95A79038B687}.Release|iPhone.ActiveCfg = Release|Any CPU
		{22D5E147-4EAD-4F4D-8C88-95A79038B687}.Release|iPhoneSimulator.ActiveCfg = Release|Any CPU
		{22D5E147-4EAD-4F4D-8C88-95A79038B687}.Release|x64.ActiveCfg = Release|Any CPU
		{22D5E147-4EAD-4F4D-8C88-95A79038B687}.Release|x64.Build.0 = Release|Any CPU
		{22D5E147-4EAD-4F4D-8C88-95A79038B687}.Release|x64.Deploy.0 = Release|Any CPU
		{22D5E147-4EAD-4F4D-8C88-95A79038B687}.Release|x86.ActiveCfg = Release|Any CPU
		{22D5E147-4EAD-4F4D-8C88-95A79038B687}.Release|x86.Build.0 = Release|Any CPU
		{22D5E147-4EAD-4F4D-8C88-95A79038B687}.Release|x86.Deploy.0 = Release|Any CPU
		{A3C742AE-5BA5-46A2-A706-08F8C9299A48}.Ad-Hoc|Any CPU.ActiveCfg = Ad-Hoc|iPhone
		{A3C742AE-5BA5-46A2-A706-08F8C9299A48}.Ad-Hoc|ARM.ActiveCfg = Ad-Hoc|iPhone
		{A3C742AE-5BA5-46A2-A706-08F8C9299A48}.Ad-Hoc|ARM64.ActiveCfg = Ad-Hoc|iPhone
		{A3C742AE-5BA5-46A2-A706-08F8C9299A48}.Ad-Hoc|iPhone.ActiveCfg = Ad-Hoc|iPhone
		{A3C742AE-5BA5-46A2-A706-08F8C9299A48}.Ad-Hoc|iPhone.Build.0 = Ad-Hoc|iPhone
		{A3C742AE-5BA5-46A2-A706-08F8C9299A48}.Ad-Hoc|iPhoneSimulator.ActiveCfg = Ad-Hoc|iPhoneSimulator
		{A3C742AE-5BA5-46A2-A706-08F8C9299A48}.Ad-Hoc|iPhoneSimulator.Build.0 = Ad-Hoc|iPhoneSimulator
		{A3C742AE-5BA5-46A2-A706-08F8C9299A48}.Ad-Hoc|x64.ActiveCfg = Ad-Hoc|iPhone
		{A3C742AE-5BA5-46A2-A706-08F8C9299A48}.Ad-Hoc|x86.ActiveCfg = Ad-Hoc|iPhone
		{A3C742AE-5BA5-46A2-A706-08F8C9299A48}.AppStore|Any CPU.ActiveCfg = AppStore|iPhone
		{A3C742AE-5BA5-46A2-A706-08F8C9299A48}.AppStore|ARM.ActiveCfg = AppStore|iPhone
		{A3C742AE-5BA5-46A2-A706-08F8C9299A48}.AppStore|ARM64.ActiveCfg = AppStore|iPhone
		{A3C742AE-5BA5-46A2-A706-08F8C9299A48}.AppStore|iPhone.ActiveCfg = AppStore|iPhone
		{A3C742AE-5BA5-46A2-A706-08F8C9299A48}.AppStore|iPhone.Build.0 = AppStore|iPhone
		{A3C742AE-5BA5-46A2-A706-08F8C9299A48}.AppStore|iPhoneSimulator.ActiveCfg = AppStore|iPhoneSimulator
		{A3C742AE-5BA5-46A2-A706-08F8C9299A48}.AppStore|iPhoneSimulator.Build.0 = AppStore|iPhoneSimulator
		{A3C742AE-5BA5-46A2-A706-08F8C9299A48}.AppStore|x64.ActiveCfg = AppStore|iPhone
		{A3C742AE-5BA5-46A2-A706-08F8C9299A48}.AppStore|x86.ActiveCfg = AppStore|iPhone
		{A3C742AE-5BA5-46A2-A706-08F8C9299A48}.Debug|Any CPU.ActiveCfg = Debug|iPhone
		{A3C742AE-5BA5-46A2-A706-08F8C9299A48}.Debug|ARM.ActiveCfg = Debug|iPhone
		{A3C742AE-5BA5-46A2-A706-08F8C9299A48}.Debug|ARM64.ActiveCfg = Debug|iPhone
		{A3C742AE-5BA5-46A2-A706-08F8C9299A48}.Debug|iPhone.ActiveCfg = Debug|iPhone
		{A3C742AE-5BA5-46A2-A706-08F8C9299A48}.Debug|iPhone.Build.0 = Debug|iPhone
		{A3C742AE-5BA5-46A2-A706-08F8C9299A48}.Debug|iPhoneSimulator.ActiveCfg = Debug|iPhoneSimulator
		{A3C742AE-5BA5-46A2-A706-08F8C9299A48}.Debug|iPhoneSimulator.Build.0 = Debug|iPhoneSimulator
		{A3C742AE-5BA5-46A2-A706-08F8C9299A48}.Debug|x64.ActiveCfg = Debug|iPhone
		{A3C742AE-5BA5-46A2-A706-08F8C9299A48}.Debug|x86.ActiveCfg = Debug|iPhone
		{A3C742AE-5BA5-46A2-A706-08F8C9299A48}.Release|Any CPU.ActiveCfg = Release|iPhone
		{A3C742AE-5BA5-46A2-A706-08F8C9299A48}.Release|ARM.ActiveCfg = Release|iPhone
		{A3C742AE-5BA5-46A2-A706-08F8C9299A48}.Release|ARM64.ActiveCfg = Release|iPhone
		{A3C742AE-5BA5-46A2-A706-08F8C9299A48}.Release|iPhone.ActiveCfg = Release|iPhone
		{A3C742AE-5BA5-46A2-A706-08F8C9299A48}.Release|iPhone.Build.0 = Release|iPhone
		{A3C742AE-5BA5-46A2-A706-08F8C9299A48}.Release|iPhoneSimulator.ActiveCfg = Release|iPhoneSimulator
		{A3C742AE-5BA5-46A2-A706-08F8C9299A48}.Release|iPhoneSimulator.Build.0 = Release|iPhoneSimulator
		{A3C742AE-5BA5-46A2-A706-08F8C9299A48}.Release|x64.ActiveCfg = Release|iPhone
		{A3C742AE-5BA5-46A2-A706-08F8C9299A48}.Release|x86.ActiveCfg = Release|iPhone
	EndGlobalSection
	GlobalSection(SolutionProperties) = preSolution
		HideSolutionNode = FALSE
	EndGlobalSection
EndGlobal
